
Microsoft Visual Studio Solution File, Format Version 12.00
# Visual Studio 15
VisualStudioVersion = 15.0.28010.2003
MinimumVisualStudioVersion = 10.0.40219.1
Project("{8BC9CEB8-8B4A-11D0-8D11-00A0C91BC942}") = "Algorithms", "Algorithms\Algorithms.vcxproj", "{EDA5F938-0332-43FB-BC92-50DF6A4C34A0}"
EndProject
Project("{8BC9CEB8-8B4A-11D0-8D11-00A0C91BC942}") = "Vector", "Vector\Vector.vcxproj", "{71E3A513-9C08-4C0D-8D21-6567DAB047A9}"
EndProject
Global
	GlobalSection(SolutionConfigurationPlatforms) = preSolution
		Debug|x64 = Debug|x64
		Debug|x86 = Debug|x86
		Release|x64 = Release|x64
		Release|x86 = Release|x86
	EndGlobalSection
	GlobalSection(ProjectConfigurationPlatforms) = postSolution
		{EDA5F938-0332-43FB-BC92-50DF6A4C34A0}.Debug|x64.ActiveCfg = Debug|x64
		{EDA5F938-0332-43FB-BC92-50DF6A4C34A0}.Debug|x64.Build.0 = Debug|x64
		{EDA5F938-0332-43FB-BC92-50DF6A4C34A0}.Debug|x86.ActiveCfg = Debug|Win32
		{EDA5F938-0332-43FB-BC92-50DF6A4C34A0}.Debug|x86.Build.0 = Debug|Win32
		{EDA5F938-0332-43FB-BC92-50DF6A4C34A0}.Release|x64.ActiveCfg = Release|x64
		{EDA5F938-0332-43FB-BC92-50DF6A4C34A0}.Release|x64.Build.0 = Release|x64
		{EDA5F938-0332-43FB-BC92-50DF6A4C34A0}.Release|x86.ActiveCfg = Release|Win32
		{EDA5F938-0332-43FB-BC92-50DF6A4C34A0}.Release|x86.Build.0 = Release|Win32
		{71E3A513-9C08-4C0D-8D21-6567DAB047A9}.Debug|x64.ActiveCfg = Debug|x64
		{71E3A513-9C08-4C0D-8D21-6567DAB047A9}.Debug|x64.Build.0 = Debug|x64
		{71E3A513-9C08-4C0D-8D21-6567DAB047A9}.Debug|x86.ActiveCfg = Debug|Win32
		{71E3A513-9C08-4C0D-8D21-6567DAB047A9}.Debug|x86.Build.0 = Debug|Win32
		{71E3A513-9C08-4C0D-8D21-6567DAB047A9}.Release|x64.ActiveCfg = Release|x64
		{71E3A513-9C08-4C0D-8D21-6567DAB047A9}.Release|x64.Build.0 = Release|x64
		{71E3A513-9C08-4C0D-8D21-6567DAB047A9}.Release|x86.ActiveCfg = Release|Win32
		{71E3A513-9C08-4C0D-8D21-6567DAB047A9}.Release|x86.Build.0 = Release|Win32
	EndGlobalSection
	GlobalSection(SolutionProperties) = preSolution
		HideSolutionNode = FALSE
	EndGlobalSection
	GlobalSection(ExtensibilityGlobals) = postSolution
		SolutionGuid = {92172CF5-E70E-4C9B-80F1-921A37B29314}
	EndGlobalSection
EndGlobal
