
Microsoft Visual Studio Solution File, Format Version 12.00
# Visual Studio 15
VisualStudioVersion = 15.0.28010.2003
MinimumVisualStudioVersion = 10.0.40219.1
Project("{8BC9CEB8-8B4A-11D0-8D11-00A0C91BC942}") = "Vector", "Vector\Vector.vcxproj", "{71E3A513-9C08-4C0D-8D21-6567DAB047A9}"
EndProject
Project("{8BC9CEB8-8B4A-11D0-8D11-00A0C91BC942}") = "Hash", "Hash\Hash.vcxproj", "{4F3BAA1B-36B9-42E9-A6EC-A20DB9922F49}"
EndProject
Project("{8BC9CEB8-8B4A-11D0-8D11-00A0C91BC942}") = "List", "List\List.vcxproj", "{7F4C72D9-5EEF-4815-8402-72AD29F4088B}"
EndProject
Project("{8BC9CEB8-8B4A-11D0-8D11-00A0C91BC942}") = "DoublePointer", "DoublePointer\DoublePointer.vcxproj", "{A1A016C6-FD21-40F0-8CBD-E494F590D56A}"
EndProject
Project("{8BC9CEB8-8B4A-11D0-8D11-00A0C91BC942}") = "Stack-Queues", "Stack-Queues\Stack-Queues.vcxproj", "{EE1065FB-0220-4E27-9C73-F91F584C1056}"
EndProject
Project("{8BC9CEB8-8B4A-11D0-8D11-00A0C91BC942}") = "String", "String\String.vcxproj", "{F0F53EED-4CFB-4D5A-AC77-05D3DB9C45D6}"
EndProject
Project("{8BC9CEB8-8B4A-11D0-8D11-00A0C91BC942}") = "Tree", "Tree\Tree.vcxproj", "{7AE52622-7ED9-4029-BDA4-1A13CA039674}"
EndProject
Project("{8BC9CEB8-8B4A-11D0-8D11-00A0C91BC942}") = "MultiSolution", "MultiSolution\MultiSolution.vcxproj", "{8DF02742-345E-4CA7-AF27-279EA4315E10}"
EndProject
Project("{8BC9CEB8-8B4A-11D0-8D11-00A0C91BC942}") = "Interview", "Interview\Interview.vcxproj", "{FCCC7F32-C85D-4118-A835-8317D4B774F8}"
EndProject
Project("{8BC9CEB8-8B4A-11D0-8D11-00A0C91BC942}") = "SqlSolution", "SqlSolution\SqlSolution.vcxproj", "{C9C24825-D72E-4028-8CC4-B4AA305CDA8A}"
EndProject
Project("{8BC9CEB8-8B4A-11D0-8D11-00A0C91BC942}") = "Sort", "Sort\Sort.vcxproj", "{D11E4CAB-15B6-4E4D-9F1B-5A24CF53173D}"
EndProject
Project("{8BC9CEB8-8B4A-11D0-8D11-00A0C91BC942}") = "Search", "Search\Search.vcxproj", "{4312737C-31E0-4DF6-8E8C-E2A6B00BF4D7}"
EndProject
Project("{8BC9CEB8-8B4A-11D0-8D11-00A0C91BC942}") = "Greedy", "Greedy\Greedy.vcxproj", "{3872FACB-B6CB-431A-A5BD-E680281B90DF}"
EndProject
Project("{8BC9CEB8-8B4A-11D0-8D11-00A0C91BC942}") = "DivideandConquer", "DivideandConquer\DivideandConquer.vcxproj", "{2FE67982-9A4B-4C1B-9FC7-16118DFFEBE1}"
EndProject
Project("{8BC9CEB8-8B4A-11D0-8D11-00A0C91BC942}") = "Math", "Math\Math.vcxproj", "{28E4BA57-50C5-43D1-AC9C-77E2332FADB7}"
EndProject
Global
	GlobalSection(SolutionConfigurationPlatforms) = preSolution
		Debug|x64 = Debug|x64
		Debug|x86 = Debug|x86
		Release|x64 = Release|x64
		Release|x86 = Release|x86
	EndGlobalSection
	GlobalSection(ProjectConfigurationPlatforms) = postSolution
		{71E3A513-9C08-4C0D-8D21-6567DAB047A9}.Debug|x64.ActiveCfg = Debug|x64
		{71E3A513-9C08-4C0D-8D21-6567DAB047A9}.Debug|x64.Build.0 = Debug|x64
		{71E3A513-9C08-4C0D-8D21-6567DAB047A9}.Debug|x86.ActiveCfg = Debug|Win32
		{71E3A513-9C08-4C0D-8D21-6567DAB047A9}.Debug|x86.Build.0 = Debug|Win32
		{71E3A513-9C08-4C0D-8D21-6567DAB047A9}.Release|x64.ActiveCfg = Release|x64
		{71E3A513-9C08-4C0D-8D21-6567DAB047A9}.Release|x64.Build.0 = Release|x64
		{71E3A513-9C08-4C0D-8D21-6567DAB047A9}.Release|x86.ActiveCfg = Release|Win32
		{71E3A513-9C08-4C0D-8D21-6567DAB047A9}.Release|x86.Build.0 = Release|Win32
		{4F3BAA1B-36B9-42E9-A6EC-A20DB9922F49}.Debug|x64.ActiveCfg = Debug|x64
		{4F3BAA1B-36B9-42E9-A6EC-A20DB9922F49}.Debug|x64.Build.0 = Debug|x64
		{4F3BAA1B-36B9-42E9-A6EC-A20DB9922F49}.Debug|x86.ActiveCfg = Debug|Win32
		{4F3BAA1B-36B9-42E9-A6EC-A20DB9922F49}.Debug|x86.Build.0 = Debug|Win32
		{4F3BAA1B-36B9-42E9-A6EC-A20DB9922F49}.Release|x64.ActiveCfg = Release|x64
		{4F3BAA1B-36B9-42E9-A6EC-A20DB9922F49}.Release|x64.Build.0 = Release|x64
		{4F3BAA1B-36B9-42E9-A6EC-A20DB9922F49}.Release|x86.ActiveCfg = Release|Win32
		{4F3BAA1B-36B9-42E9-A6EC-A20DB9922F49}.Release|x86.Build.0 = Release|Win32
		{7F4C72D9-5EEF-4815-8402-72AD29F4088B}.Debug|x64.ActiveCfg = Debug|x64
		{7F4C72D9-5EEF-4815-8402-72AD29F4088B}.Debug|x64.Build.0 = Debug|x64
		{7F4C72D9-5EEF-4815-8402-72AD29F4088B}.Debug|x86.ActiveCfg = Debug|Win32
		{7F4C72D9-5EEF-4815-8402-72AD29F4088B}.Debug|x86.Build.0 = Debug|Win32
		{7F4C72D9-5EEF-4815-8402-72AD29F4088B}.Release|x64.ActiveCfg = Release|x64
		{7F4C72D9-5EEF-4815-8402-72AD29F4088B}.Release|x64.Build.0 = Release|x64
		{7F4C72D9-5EEF-4815-8402-72AD29F4088B}.Release|x86.ActiveCfg = Release|Win32
		{7F4C72D9-5EEF-4815-8402-72AD29F4088B}.Release|x86.Build.0 = Release|Win32
		{A1A016C6-FD21-40F0-8CBD-E494F590D56A}.Debug|x64.ActiveCfg = Debug|x64
		{A1A016C6-FD21-40F0-8CBD-E494F590D56A}.Debug|x64.Build.0 = Debug|x64
		{A1A016C6-FD21-40F0-8CBD-E494F590D56A}.Debug|x86.ActiveCfg = Debug|Win32
		{A1A016C6-FD21-40F0-8CBD-E494F590D56A}.Debug|x86.Build.0 = Debug|Win32
		{A1A016C6-FD21-40F0-8CBD-E494F590D56A}.Release|x64.ActiveCfg = Release|x64
		{A1A016C6-FD21-40F0-8CBD-E494F590D56A}.Release|x64.Build.0 = Release|x64
		{A1A016C6-FD21-40F0-8CBD-E494F590D56A}.Release|x86.ActiveCfg = Release|Win32
		{A1A016C6-FD21-40F0-8CBD-E494F590D56A}.Release|x86.Build.0 = Release|Win32
		{EE1065FB-0220-4E27-9C73-F91F584C1056}.Debug|x64.ActiveCfg = Debug|x64
		{EE1065FB-0220-4E27-9C73-F91F584C1056}.Debug|x64.Build.0 = Debug|x64
		{EE1065FB-0220-4E27-9C73-F91F584C1056}.Debug|x86.ActiveCfg = Debug|Win32
		{EE1065FB-0220-4E27-9C73-F91F584C1056}.Debug|x86.Build.0 = Debug|Win32
		{EE1065FB-0220-4E27-9C73-F91F584C1056}.Release|x64.ActiveCfg = Release|x64
		{EE1065FB-0220-4E27-9C73-F91F584C1056}.Release|x64.Build.0 = Release|x64
		{EE1065FB-0220-4E27-9C73-F91F584C1056}.Release|x86.ActiveCfg = Release|Win32
		{EE1065FB-0220-4E27-9C73-F91F584C1056}.Release|x86.Build.0 = Release|Win32
		{F0F53EED-4CFB-4D5A-AC77-05D3DB9C45D6}.Debug|x64.ActiveCfg = Debug|x64
		{F0F53EED-4CFB-4D5A-AC77-05D3DB9C45D6}.Debug|x64.Build.0 = Debug|x64
		{F0F53EED-4CFB-4D5A-AC77-05D3DB9C45D6}.Debug|x86.ActiveCfg = Debug|Win32
		{F0F53EED-4CFB-4D5A-AC77-05D3DB9C45D6}.Debug|x86.Build.0 = Debug|Win32
		{F0F53EED-4CFB-4D5A-AC77-05D3DB9C45D6}.Release|x64.ActiveCfg = Release|x64
		{F0F53EED-4CFB-4D5A-AC77-05D3DB9C45D6}.Release|x64.Build.0 = Release|x64
		{F0F53EED-4CFB-4D5A-AC77-05D3DB9C45D6}.Release|x86.ActiveCfg = Release|Win32
		{F0F53EED-4CFB-4D5A-AC77-05D3DB9C45D6}.Release|x86.Build.0 = Release|Win32
		{7AE52622-7ED9-4029-BDA4-1A13CA039674}.Debug|x64.ActiveCfg = Debug|x64
		{7AE52622-7ED9-4029-BDA4-1A13CA039674}.Debug|x64.Build.0 = Debug|x64
		{7AE52622-7ED9-4029-BDA4-1A13CA039674}.Debug|x86.ActiveCfg = Debug|Win32
		{7AE52622-7ED9-4029-BDA4-1A13CA039674}.Debug|x86.Build.0 = Debug|Win32
		{7AE52622-7ED9-4029-BDA4-1A13CA039674}.Release|x64.ActiveCfg = Release|x64
		{7AE52622-7ED9-4029-BDA4-1A13CA039674}.Release|x64.Build.0 = Release|x64
		{7AE52622-7ED9-4029-BDA4-1A13CA039674}.Release|x86.ActiveCfg = Release|Win32
		{7AE52622-7ED9-4029-BDA4-1A13CA039674}.Release|x86.Build.0 = Release|Win32
		{8DF02742-345E-4CA7-AF27-279EA4315E10}.Debug|x64.ActiveCfg = Debug|x64
		{8DF02742-345E-4CA7-AF27-279EA4315E10}.Debug|x64.Build.0 = Debug|x64
		{8DF02742-345E-4CA7-AF27-279EA4315E10}.Debug|x86.ActiveCfg = Debug|Win32
		{8DF02742-345E-4CA7-AF27-279EA4315E10}.Debug|x86.Build.0 = Debug|Win32
		{8DF02742-345E-4CA7-AF27-279EA4315E10}.Release|x64.ActiveCfg = Release|x64
		{8DF02742-345E-4CA7-AF27-279EA4315E10}.Release|x64.Build.0 = Release|x64
		{8DF02742-345E-4CA7-AF27-279EA4315E10}.Release|x86.ActiveCfg = Release|Win32
		{8DF02742-345E-4CA7-AF27-279EA4315E10}.Release|x86.Build.0 = Release|Win32
		{FCCC7F32-C85D-4118-A835-8317D4B774F8}.Debug|x64.ActiveCfg = Debug|x64
		{FCCC7F32-C85D-4118-A835-8317D4B774F8}.Debug|x64.Build.0 = Debug|x64
		{FCCC7F32-C85D-4118-A835-8317D4B774F8}.Debug|x86.ActiveCfg = Debug|Win32
		{FCCC7F32-C85D-4118-A835-8317D4B774F8}.Debug|x86.Build.0 = Debug|Win32
		{FCCC7F32-C85D-4118-A835-8317D4B774F8}.Release|x64.ActiveCfg = Release|x64
		{FCCC7F32-C85D-4118-A835-8317D4B774F8}.Release|x64.Build.0 = Release|x64
		{FCCC7F32-C85D-4118-A835-8317D4B774F8}.Release|x86.ActiveCfg = Release|Win32
		{FCCC7F32-C85D-4118-A835-8317D4B774F8}.Release|x86.Build.0 = Release|Win32
		{C9C24825-D72E-4028-8CC4-B4AA305CDA8A}.Debug|x64.ActiveCfg = Debug|x64
		{C9C24825-D72E-4028-8CC4-B4AA305CDA8A}.Debug|x64.Build.0 = Debug|x64
		{C9C24825-D72E-4028-8CC4-B4AA305CDA8A}.Debug|x86.ActiveCfg = Debug|Win32
		{C9C24825-D72E-4028-8CC4-B4AA305CDA8A}.Debug|x86.Build.0 = Debug|Win32
		{C9C24825-D72E-4028-8CC4-B4AA305CDA8A}.Release|x64.ActiveCfg = Release|x64
		{C9C24825-D72E-4028-8CC4-B4AA305CDA8A}.Release|x64.Build.0 = Release|x64
		{C9C24825-D72E-4028-8CC4-B4AA305CDA8A}.Release|x86.ActiveCfg = Release|Win32
		{C9C24825-D72E-4028-8CC4-B4AA305CDA8A}.Release|x86.Build.0 = Release|Win32
		{D11E4CAB-15B6-4E4D-9F1B-5A24CF53173D}.Debug|x64.ActiveCfg = Debug|x64
		{D11E4CAB-15B6-4E4D-9F1B-5A24CF53173D}.Debug|x64.Build.0 = Debug|x64
		{D11E4CAB-15B6-4E4D-9F1B-5A24CF53173D}.Debug|x86.ActiveCfg = Debug|Win32
		{D11E4CAB-15B6-4E4D-9F1B-5A24CF53173D}.Debug|x86.Build.0 = Debug|Win32
		{D11E4CAB-15B6-4E4D-9F1B-5A24CF53173D}.Release|x64.ActiveCfg = Release|x64
		{D11E4CAB-15B6-4E4D-9F1B-5A24CF53173D}.Release|x64.Build.0 = Release|x64
		{D11E4CAB-15B6-4E4D-9F1B-5A24CF53173D}.Release|x86.ActiveCfg = Release|Win32
		{D11E4CAB-15B6-4E4D-9F1B-5A24CF53173D}.Release|x86.Build.0 = Release|Win32
		{4312737C-31E0-4DF6-8E8C-E2A6B00BF4D7}.Debug|x64.ActiveCfg = Debug|x64
		{4312737C-31E0-4DF6-8E8C-E2A6B00BF4D7}.Debug|x64.Build.0 = Debug|x64
		{4312737C-31E0-4DF6-8E8C-E2A6B00BF4D7}.Debug|x86.ActiveCfg = Debug|Win32
		{4312737C-31E0-4DF6-8E8C-E2A6B00BF4D7}.Debug|x86.Build.0 = Debug|Win32
		{4312737C-31E0-4DF6-8E8C-E2A6B00BF4D7}.Release|x64.ActiveCfg = Release|x64
		{4312737C-31E0-4DF6-8E8C-E2A6B00BF4D7}.Release|x64.Build.0 = Release|x64
		{4312737C-31E0-4DF6-8E8C-E2A6B00BF4D7}.Release|x86.ActiveCfg = Release|Win32
		{4312737C-31E0-4DF6-8E8C-E2A6B00BF4D7}.Release|x86.Build.0 = Release|Win32
		{3872FACB-B6CB-431A-A5BD-E680281B90DF}.Debug|x64.ActiveCfg = Debug|x64
		{3872FACB-B6CB-431A-A5BD-E680281B90DF}.Debug|x64.Build.0 = Debug|x64
		{3872FACB-B6CB-431A-A5BD-E680281B90DF}.Debug|x86.ActiveCfg = Debug|Win32
		{3872FACB-B6CB-431A-A5BD-E680281B90DF}.Debug|x86.Build.0 = Debug|Win32
		{3872FACB-B6CB-431A-A5BD-E680281B90DF}.Release|x64.ActiveCfg = Release|x64
		{3872FACB-B6CB-431A-A5BD-E680281B90DF}.Release|x64.Build.0 = Release|x64
		{3872FACB-B6CB-431A-A5BD-E680281B90DF}.Release|x86.ActiveCfg = Release|Win32
		{3872FACB-B6CB-431A-A5BD-E680281B90DF}.Release|x86.Build.0 = Release|Win32
		{2FE67982-9A4B-4C1B-9FC7-16118DFFEBE1}.Debug|x64.ActiveCfg = Debug|x64
		{2FE67982-9A4B-4C1B-9FC7-16118DFFEBE1}.Debug|x64.Build.0 = Debug|x64
		{2FE67982-9A4B-4C1B-9FC7-16118DFFEBE1}.Debug|x86.ActiveCfg = Debug|Win32
		{2FE67982-9A4B-4C1B-9FC7-16118DFFEBE1}.Debug|x86.Build.0 = Debug|Win32
		{2FE67982-9A4B-4C1B-9FC7-16118DFFEBE1}.Release|x64.ActiveCfg = Release|x64
		{2FE67982-9A4B-4C1B-9FC7-16118DFFEBE1}.Release|x64.Build.0 = Release|x64
		{2FE67982-9A4B-4C1B-9FC7-16118DFFEBE1}.Release|x86.ActiveCfg = Release|Win32
		{2FE67982-9A4B-4C1B-9FC7-16118DFFEBE1}.Release|x86.Build.0 = Release|Win32
		{28E4BA57-50C5-43D1-AC9C-77E2332FADB7}.Debug|x64.ActiveCfg = Debug|x64
		{28E4BA57-50C5-43D1-AC9C-77E2332FADB7}.Debug|x64.Build.0 = Debug|x64
		{28E4BA57-50C5-43D1-AC9C-77E2332FADB7}.Debug|x86.ActiveCfg = Debug|Win32
		{28E4BA57-50C5-43D1-AC9C-77E2332FADB7}.Debug|x86.Build.0 = Debug|Win32
		{28E4BA57-50C5-43D1-AC9C-77E2332FADB7}.Release|x64.ActiveCfg = Release|x64
		{28E4BA57-50C5-43D1-AC9C-77E2332FADB7}.Release|x64.Build.0 = Release|x64
		{28E4BA57-50C5-43D1-AC9C-77E2332FADB7}.Release|x86.ActiveCfg = Release|Win32
		{28E4BA57-50C5-43D1-AC9C-77E2332FADB7}.Release|x86.Build.0 = Release|Win32
	EndGlobalSection
	GlobalSection(SolutionProperties) = preSolution
		HideSolutionNode = FALSE
	EndGlobalSection
	GlobalSection(ExtensibilityGlobals) = postSolution
		SolutionGuid = {92172CF5-E70E-4C9B-80F1-921A37B29314}
	EndGlobalSection
EndGlobal
